{
  "name": "ft_transcendence",
  "lockfileVersion": 2,
  "requires": true,
  "packages": {
    "": {
      "dependencies": {
        "@prisma/client": "^3.15.1"
      },
      "devDependencies": {
        "prisma": "^3.15.1",
        "prisma.schema": "./prisma/schema.prisma"
      }
    },
    "node_modules/@prisma/client": {
      "version": "3.15.1",
      "resolved": "https://registry.npmjs.org/@prisma/client/-/client-3.15.1.tgz",
      "integrity": "sha512-Lsk7oupvO9g99mrIs07iE6BIMouHs46Yq/YY8itTsUQNKfecsPuZvVYvcKci0pqRQ0neOpvIvoA/ouZmIMBCrQ==",
      "hasInstallScript": true,
      "dependencies": {
        "@prisma/engines-version": "3.15.1-1.461d6a05159055555eb7dfb337c9fb271cbd4d7e"
      },
      "engines": {
        "node": ">=12.6"
      },
      "peerDependencies": {
        "prisma": "*"
      },
      "peerDependenciesMeta": {
        "prisma": {
          "optional": true
        }
      }
    },
    "node_modules/@prisma/engines": {
      "version": "3.15.1-1.461d6a05159055555eb7dfb337c9fb271cbd4d7e",
      "resolved": "https://registry.npmjs.org/@prisma/engines/-/engines-3.15.1-1.461d6a05159055555eb7dfb337c9fb271cbd4d7e.tgz",
      "integrity": "sha512-NHlojO1DFTsSi3FtEleL9QWXeSF/UjhCW0fgpi7bumnNZ4wj/eQ+BJJ5n2pgoOliTOGv9nX2qXvmHap7rJMNmg==",
      "devOptional": true,
      "hasInstallScript": true
    },
    "node_modules/@prisma/engines-version": {
      "version": "3.15.1-1.461d6a05159055555eb7dfb337c9fb271cbd4d7e",
      "resolved": "https://registry.npmjs.org/@prisma/engines-version/-/engines-version-3.15.1-1.461d6a05159055555eb7dfb337c9fb271cbd4d7e.tgz",
      "integrity": "sha512-e3k2Vd606efd1ZYy2NQKkT4C/pn31nehyLhVug6To/q8JT8FpiMrDy7zmm3KLF0L98NOQQcutaVtAPhzKhzn9w=="
    },
    "node_modules/prisma": {
      "version": "3.15.1",
      "resolved": "https://registry.npmjs.org/prisma/-/prisma-3.15.1.tgz",
      "integrity": "sha512-MLO3JUGJpe5+EVisA/i47+zlyF8Ug0ivvGYG4B9oSXQcPiUHB1ccmnpxqR7o0Up5SQgmxkBiEU//HgR6UuIKOw==",
      "devOptional": true,
      "hasInstallScript": true,
      "dependencies": {
        "@prisma/engines": "3.15.1-1.461d6a05159055555eb7dfb337c9fb271cbd4d7e"
      },
      "bin": {
        "prisma": "build/index.js",
        "prisma2": "build/index.js"
      },
      "engines": {
        "node": ">=12.6"
      }
    },
    "node_modules/prisma.schema": {
      "resolved": "prisma/schema.prisma",
      "link": true
    },
    "prisma/schema.prisma": {
      "dev": true
    }
  },
  "dependencies": {
    "@prisma/client": {
      "version": "3.15.1",
      "resolved": "https://registry.npmjs.org/@prisma/client/-/client-3.15.1.tgz",
      "integrity": "sha512-Lsk7oupvO9g99mrIs07iE6BIMouHs46Yq/YY8itTsUQNKfecsPuZvVYvcKci0pqRQ0neOpvIvoA/ouZmIMBCrQ==",
      "requires": {
        "@prisma/engines-version": "3.15.1-1.461d6a05159055555eb7dfb337c9fb271cbd4d7e"
      }
    },
    "@prisma/engines": {
      "version": "3.15.1-1.461d6a05159055555eb7dfb337c9fb271cbd4d7e",
      "resolved": "https://registry.npmjs.org/@prisma/engines/-/engines-3.15.1-1.461d6a05159055555eb7dfb337c9fb271cbd4d7e.tgz",
      "integrity": "sha512-NHlojO1DFTsSi3FtEleL9QWXeSF/UjhCW0fgpi7bumnNZ4wj/eQ+BJJ5n2pgoOliTOGv9nX2qXvmHap7rJMNmg==",
      "devOptional": true
    },
    "@prisma/engines-version": {
      "version": "3.15.1-1.461d6a05159055555eb7dfb337c9fb271cbd4d7e",
      "resolved": "https://registry.npmjs.org/@prisma/engines-version/-/engines-version-3.15.1-1.461d6a05159055555eb7dfb337c9fb271cbd4d7e.tgz",
      "integrity": "sha512-e3k2Vd606efd1ZYy2NQKkT4C/pn31nehyLhVug6To/q8JT8FpiMrDy7zmm3KLF0L98NOQQcutaVtAPhzKhzn9w=="
    },
    "prisma": {
      "version": "3.15.1",
      "resolved": "https://registry.npmjs.org/prisma/-/prisma-3.15.1.tgz",
      "integrity": "sha512-MLO3JUGJpe5+EVisA/i47+zlyF8Ug0ivvGYG4B9oSXQcPiUHB1ccmnpxqR7o0Up5SQgmxkBiEU//HgR6UuIKOw==",
      "devOptional": true,
      "requires": {
        "@prisma/engines": "3.15.1-1.461d6a05159055555eb7dfb337c9fb271cbd4d7e"
      }
    },
    "prisma.schema": {
      "version": "file:prisma/schema.prisma"
    }
  }
}
