# THIS IS AN AUTOGENERATED FILE. DO NOT EDIT THIS FILE DIRECTLY.
# yarn lockfile v1


clsx@^1.1.1:
  version "1.2.1"
  resolved "https://registry.yarnpkg.com/clsx/-/clsx-1.2.1.tgz#0ddc4a20a549b59c93a4116bb26f5294ca17dc12"
  integrity sha512-EcR6r5a8bj6pu3ycsa/E/cKVGuTgZJZdsyUYHOksG/UHIiKfjxzRxYJpyVBwYaQeOvghal9fcc4PidlgzugAQg==

react-contexify@^5.0.0:
  version "5.0.0"
  resolved "https://registry.yarnpkg.com/react-contexify/-/react-contexify-5.0.0.tgz#11b477550a0ee5a9a144399bc17c7c56bbc60057"
  integrity sha512-2FIp7lxJ6dtfGr8EZ4uVV5p5TQjd0n2h/JU7PrejNIMiCeZWvSVPFh4lj1ZvjXosglBvP7q5JQQ8yUCdSaMSaw==
  dependencies:
    clsx "^1.1.1"
